// !$*UTF8*$!
{
	archiveVersion = 1;
	classes = {
	};
	objectVersion = 56;
	objects = {

/* Begin PBXBuildFile section */
		63A81BA62A7BF5ED00839E7B /* aBicycleApp.swift in Sources */ = {isa = PBXBuildFile; fileRef = 63A81BA52A7BF5ED00839E7B /* aBicycleApp.swift */; };
		63A81BA82A7BF5ED00839E7B /* Main.swift in Sources */ = {isa = PBXBuildFile; fileRef = 63A81BA72A7BF5ED00839E7B /* Main.swift */; };
		63A81BAA2A7BF5EE00839E7B /* Assets.xcassets in Resources */ = {isa = PBXBuildFile; fileRef = 63A81BA92A7BF5EE00839E7B /* Assets.xcassets */; };
		63A81BAD2A7BF5EE00839E7B /* Preview Assets.xcassets in Resources */ = {isa = PBXBuildFile; fileRef = 63A81BAC2A7BF5EE00839E7B /* Preview Assets.xcassets */; };
		63A81BB62A7BF64500839E7B /* sidebar.swift in Sources */ = {isa = PBXBuildFile; fileRef = 63A81BB52A7BF64500839E7B /* sidebar.swift */; };
		63A81BB82A7BF67400839E7B /* EmptyView.swift in Sources */ = {isa = PBXBuildFile; fileRef = 63A81BB72A7BF67400839E7B /* EmptyView.swift */; };
		63A81BBB2A7BF6A600839E7B /* cmd_emulator.swift in Sources */ = {isa = PBXBuildFile; fileRef = 63A81BBA2A7BF6A600839E7B /* cmd_emulator.swift */; };
		63A81BBD2A7BF6BA00839E7B /* cmd_adb.swift in Sources */ = {isa = PBXBuildFile; fileRef = 63A81BBC2A7BF6BA00839E7B /* cmd_adb.swift */; };
		63A81BBF2A7BF6D000839E7B /* run_command.swift in Sources */ = {isa = PBXBuildFile; fileRef = 63A81BBE2A7BF6D000839E7B /* run_command.swift */; };
		63A81BC22A7BF6FD00839E7B /* AdbLogcatView.swift in Sources */ = {isa = PBXBuildFile; fileRef = 63A81BC12A7BF6FD00839E7B /* AdbLogcatView.swift */; };
		63A81BC42A7BF71800839E7B /* EmulatorView.swift in Sources */ = {isa = PBXBuildFile; fileRef = 63A81BC32A7BF71800839E7B /* EmulatorView.swift */; };
		63BBF6802A7F541E00C2621B /* utis_path.swift in Sources */ = {isa = PBXBuildFile; fileRef = 63BBF67F2A7F541E00C2621B /* utis_path.swift */; };
		63BBF6822A7F568400C2621B /* ui_alert.swift in Sources */ = {isa = PBXBuildFile; fileRef = 63BBF6812A7F568400C2621B /* ui_alert.swift */; };
		63C236E32A7D505E0019466C /* Settings.swift in Sources */ = {isa = PBXBuildFile; fileRef = 63C236E22A7D505E0019466C /* Settings.swift */; };
		63CD032E2A7F3B8E00E7F993 /* config.swift in Sources */ = {isa = PBXBuildFile; fileRef = 63CD032D2A7F3B8E00E7F993 /* config.swift */; };
		63CD03302A7F3CF900E7F993 /* handleSettings.swift in Sources */ = {isa = PBXBuildFile; fileRef = 63CD032F2A7F3CF900E7F993 /* handleSettings.swift */; };
		63CD03322A7F3D8000E7F993 /* utils_json.swift in Sources */ = {isa = PBXBuildFile; fileRef = 63CD03312A7F3D8000E7F993 /* utils_json.swift */; };
/* End PBXBuildFile section */

/* Begin PBXFileReference section */
		63A81BA22A7BF5ED00839E7B /* aBicycle.app */ = {isa = PBXFileReference; explicitFileType = wrapper.application; includeInIndex = 0; path = aBicycle.app; sourceTree = BUILT_PRODUCTS_DIR; };
		63A81BA52A7BF5ED00839E7B /* aBicycleApp.swift */ = {isa = PBXFileReference; lastKnownFileType = sourcecode.swift; path = aBicycleApp.swift; sourceTree = "<group>"; };
		63A81BA72A7BF5ED00839E7B /* Main.swift */ = {isa = PBXFileReference; lastKnownFileType = sourcecode.swift; path = Main.swift; sourceTree = "<group>"; };
		63A81BA92A7BF5EE00839E7B /* Assets.xcassets */ = {isa = PBXFileReference; lastKnownFileType = folder.assetcatalog; path = Assets.xcassets; sourceTree = "<group>"; };
		63A81BAC2A7BF5EE00839E7B /* Preview Assets.xcassets */ = {isa = PBXFileReference; lastKnownFileType = folder.assetcatalog; path = "Preview Assets.xcassets"; sourceTree = "<group>"; };
		63A81BAE2A7BF5EE00839E7B /* aBicycle.entitlements */ = {isa = PBXFileReference; lastKnownFileType = text.plist.entitlements; path = aBicycle.entitlements; sourceTree = "<group>"; };
		63A81BB52A7BF64500839E7B /* sidebar.swift */ = {isa = PBXFileReference; lastKnownFileType = sourcecode.swift; path = sidebar.swift; sourceTree = "<group>"; };
		63A81BB72A7BF67400839E7B /* EmptyView.swift */ = {isa = PBXFileReference; lastKnownFileType = sourcecode.swift; path = EmptyView.swift; sourceTree = "<group>"; };
		63A81BBA2A7BF6A600839E7B /* cmd_emulator.swift */ = {isa = PBXFileReference; lastKnownFileType = sourcecode.swift; path = cmd_emulator.swift; sourceTree = "<group>"; };
		63A81BBC2A7BF6BA00839E7B /* cmd_adb.swift */ = {isa = PBXFileReference; lastKnownFileType = sourcecode.swift; path = cmd_adb.swift; sourceTree = "<group>"; };
		63A81BBE2A7BF6D000839E7B /* run_command.swift */ = {isa = PBXFileReference; lastKnownFileType = sourcecode.swift; path = run_command.swift; sourceTree = "<group>"; };
		63A81BC12A7BF6FD00839E7B /* AdbLogcatView.swift */ = {isa = PBXFileReference; lastKnownFileType = sourcecode.swift; path = AdbLogcatView.swift; sourceTree = "<group>"; };
		63A81BC32A7BF71800839E7B /* EmulatorView.swift */ = {isa = PBXFileReference; lastKnownFileType = sourcecode.swift; path = EmulatorView.swift; sourceTree = "<group>"; };
		63BBF67F2A7F541E00C2621B /* utis_path.swift */ = {isa = PBXFileReference; lastKnownFileType = sourcecode.swift; path = utis_path.swift; sourceTree = "<group>"; };
		63BBF6812A7F568400C2621B /* ui_alert.swift */ = {isa = PBXFileReference; lastKnownFileType = sourcecode.swift; path = ui_alert.swift; sourceTree = "<group>"; };
		63C236E22A7D505E0019466C /* Settings.swift */ = {isa = PBXFileReference; lastKnownFileType = sourcecode.swift; path = Settings.swift; sourceTree = "<group>"; };
		63CD032D2A7F3B8E00E7F993 /* config.swift */ = {isa = PBXFileReference; lastKnownFileType = sourcecode.swift; path = config.swift; sourceTree = "<group>"; };
		63CD032F2A7F3CF900E7F993 /* handleSettings.swift */ = {isa = PBXFileReference; lastKnownFileType = sourcecode.swift; path = handleSettings.swift; sourceTree = "<group>"; };
		63CD03312A7F3D8000E7F993 /* utils_json.swift */ = {isa = PBXFileReference; lastKnownFileType = sourcecode.swift; path = utils_json.swift; sourceTree = "<group>"; };
/* End PBXFileReference section */

/* Begin PBXFrameworksBuildPhase section */
		63A81B9F2A7BF5ED00839E7B /* Frameworks */ = {
			isa = PBXFrameworksBuildPhase;
			buildActionMask = 2147483647;
			files = (
			);
			runOnlyForDeploymentPostprocessing = 0;
		};
/* End PBXFrameworksBuildPhase section */

/* Begin PBXGroup section */
		63A81B992A7BF5EC00839E7B = {
			isa = PBXGroup;
			children = (
				63A81BA42A7BF5ED00839E7B /* aBicycle */,
				63A81BA32A7BF5ED00839E7B /* Products */,
			);
			sourceTree = "<group>";
		};
		63A81BA32A7BF5ED00839E7B /* Products */ = {
			isa = PBXGroup;
			children = (
				63A81BA22A7BF5ED00839E7B /* aBicycle.app */,
			);
			name = Products;
			sourceTree = "<group>";
		};
		63A81BA42A7BF5ED00839E7B /* aBicycle */ = {
			isa = PBXGroup;
			children = (
				63CD032C2A7F3B7F00E7F993 /* Config */,
				63C236E12A7D50340019466C /* ViewsMenu */,
				63A81BC02A7BF6DE00839E7B /* Views */,
				63A81BB92A7BF68E00839E7B /* Utils */,
				63A81BB42A7BF63600839E7B /* Extensions */,
				63A81BA52A7BF5ED00839E7B /* aBicycleApp.swift */,
				63A81BA72A7BF5ED00839E7B /* Main.swift */,
				63A81BA92A7BF5EE00839E7B /* Assets.xcassets */,
				63A81BAE2A7BF5EE00839E7B /* aBicycle.entitlements */,
				63A81BAB2A7BF5EE00839E7B /* Preview Content */,
			);
			path = aBicycle;
			sourceTree = "<group>";
		};
		63A81BAB2A7BF5EE00839E7B /* Preview Content */ = {
			isa = PBXGroup;
			children = (
				63A81BAC2A7BF5EE00839E7B /* Preview Assets.xcassets */,
			);
			path = "Preview Content";
			sourceTree = "<group>";
		};
		63A81BB42A7BF63600839E7B /* Extensions */ = {
			isa = PBXGroup;
			children = (
				63A81BB52A7BF64500839E7B /* sidebar.swift */,
				63A81BB72A7BF67400839E7B /* EmptyView.swift */,
				63BBF6812A7F568400C2621B /* ui_alert.swift */,
			);
			path = Extensions;
			sourceTree = "<group>";
		};
		63A81BB92A7BF68E00839E7B /* Utils */ = {
			isa = PBXGroup;
			children = (
				63A81BBA2A7BF6A600839E7B /* cmd_emulator.swift */,
				63A81BBC2A7BF6BA00839E7B /* cmd_adb.swift */,
				63A81BBE2A7BF6D000839E7B /* run_command.swift */,
				63CD03312A7F3D8000E7F993 /* utils_json.swift */,
				63BBF67F2A7F541E00C2621B /* utis_path.swift */,
			);
			path = Utils;
			sourceTree = "<group>";
		};
		63A81BC02A7BF6DE00839E7B /* Views */ = {
			isa = PBXGroup;
			children = (
				63A81BC12A7BF6FD00839E7B /* AdbLogcatView.swift */,
				63A81BC32A7BF71800839E7B /* EmulatorView.swift */,
			);
			path = Views;
			sourceTree = "<group>";
		};
		63C236E12A7D50340019466C /* ViewsMenu */ = {
			isa = PBXGroup;
			children = (
				63C236E22A7D505E0019466C /* Settings.swift */,
				63CD032F2A7F3CF900E7F993 /* handleSettings.swift */,
			);
			path = ViewsMenu;
			sourceTree = "<group>";
		};
		63CD032C2A7F3B7F00E7F993 /* Config */ = {
			isa = PBXGroup;
			children = (
				63CD032D2A7F3B8E00E7F993 /* config.swift */,
			);
			path = Config;
			sourceTree = "<group>";
		};
/* End PBXGroup section */

/* Begin PBXNativeTarget section */
		63A81BA12A7BF5ED00839E7B /* aBicycle */ = {
			isa = PBXNativeTarget;
			buildConfigurationList = 63A81BB12A7BF5EE00839E7B /* Build configuration list for PBXNativeTarget "aBicycle" */;
			buildPhases = (
				63A81B9E2A7BF5ED00839E7B /* Sources */,
				63A81B9F2A7BF5ED00839E7B /* Frameworks */,
				63A81BA02A7BF5ED00839E7B /* Resources */,
			);
			buildRules = (
			);
			dependencies = (
			);
			name = aBicycle;
			productName = aBicycle;
			productReference = 63A81BA22A7BF5ED00839E7B /* aBicycle.app */;
			productType = "com.apple.product-type.application";
		};
/* End PBXNativeTarget section */

/* Begin PBXProject section */
		63A81B9A2A7BF5EC00839E7B /* Project object */ = {
			isa = PBXProject;
			attributes = {
				BuildIndependentTargetsInParallel = 1;
				LastSwiftUpdateCheck = 1420;
				LastUpgradeCheck = 1420;
				TargetAttributes = {
					63A81BA12A7BF5ED00839E7B = {
						CreatedOnToolsVersion = 14.2;
					};
				};
			};
			buildConfigurationList = 63A81B9D2A7BF5EC00839E7B /* Build configuration list for PBXProject "aBicycle" */;
			compatibilityVersion = "Xcode 14.0";
			developmentRegion = en;
			hasScannedForEncodings = 0;
			knownRegions = (
				en,
				Base,
			);
			mainGroup = 63A81B992A7BF5EC00839E7B;
			productRefGroup = 63A81BA32A7BF5ED00839E7B /* Products */;
			projectDirPath = "";
			projectRoot = "";
			targets = (
				63A81BA12A7BF5ED00839E7B /* aBicycle */,
			);
		};
/* End PBXProject section */

/* Begin PBXResourcesBuildPhase section */
		63A81BA02A7BF5ED00839E7B /* Resources */ = {
			isa = PBXResourcesBuildPhase;
			buildActionMask = 2147483647;
			files = (
				63A81BAD2A7BF5EE00839E7B /* Preview Assets.xcassets in Resources */,
				63A81BAA2A7BF5EE00839E7B /* Assets.xcassets in Resources */,
			);
			runOnlyForDeploymentPostprocessing = 0;
		};
/* End PBXResourcesBuildPhase section */

/* Begin PBXSourcesBuildPhase section */
		63A81B9E2A7BF5ED00839E7B /* Sources */ = {
			isa = PBXSourcesBuildPhase;
			buildActionMask = 2147483647;
			files = (
				63A81BC42A7BF71800839E7B /* EmulatorView.swift in Sources */,
				63A81BB82A7BF67400839E7B /* EmptyView.swift in Sources */,
				63A81BBB2A7BF6A600839E7B /* cmd_emulator.swift in Sources */,
				63BBF6822A7F568400C2621B /* ui_alert.swift in Sources */,
				63CD03322A7F3D8000E7F993 /* utils_json.swift in Sources */,
				63A81BC22A7BF6FD00839E7B /* AdbLogcatView.swift in Sources */,
				63BBF6802A7F541E00C2621B /* utis_path.swift in Sources */,
				63C236E32A7D505E0019466C /* Settings.swift in Sources */,
				63A81BBF2A7BF6D000839E7B /* run_command.swift in Sources */,
				63A81BA82A7BF5ED00839E7B /* Main.swift in Sources */,
				63A81BA62A7BF5ED00839E7B /* aBicycleApp.swift in Sources */,
				63CD03302A7F3CF900E7F993 /* handleSettings.swift in Sources */,
				63A81BBD2A7BF6BA00839E7B /* cmd_adb.swift in Sources */,
				63CD032E2A7F3B8E00E7F993 /* config.swift in Sources */,
				63A81BB62A7BF64500839E7B /* sidebar.swift in Sources */,
			);
			runOnlyForDeploymentPostprocessing = 0;
		};
/* End PBXSourcesBuildPhase section */

/* Begin XCBuildConfiguration section */
		63A81BAF2A7BF5EE00839E7B /* Debug */ = {
			isa = XCBuildConfiguration;
			buildSettings = {
				ALWAYS_SEARCH_USER_PATHS = NO;
				CLANG_ANALYZER_NONNULL = YES;
				CLANG_ANALYZER_NUMBER_OBJECT_CONVERSION = YES_AGGRESSIVE;
				CLANG_CXX_LANGUAGE_STANDARD = "gnu++20";
				CLANG_ENABLE_MODULES = YES;
				CLANG_ENABLE_OBJC_ARC = YES;
				CLANG_ENABLE_OBJC_WEAK = YES;
				CLANG_WARN_BLOCK_CAPTURE_AUTORELEASING = YES;
				CLANG_WARN_BOOL_CONVERSION = YES;
				CLANG_WARN_COMMA = YES;
				CLANG_WARN_CONSTANT_CONVERSION = YES;
				CLANG_WARN_DEPRECATED_OBJC_IMPLEMENTATIONS = YES;
				CLANG_WARN_DIRECT_OBJC_ISA_USAGE = YES_ERROR;
				CLANG_WARN_DOCUMENTATION_COMMENTS = YES;
				CLANG_WARN_EMPTY_BODY = YES;
				CLANG_WARN_ENUM_CONVERSION = YES;
				CLANG_WARN_INFINITE_RECURSION = YES;
				CLANG_WARN_INT_CONVERSION = YES;
				CLANG_WARN_NON_LITERAL_NULL_CONVERSION = YES;
				CLANG_WARN_OBJC_IMPLICIT_RETAIN_SELF = YES;
				CLANG_WARN_OBJC_LITERAL_CONVERSION = YES;
				CLANG_WARN_OBJC_ROOT_CLASS = YES_ERROR;
				CLANG_WARN_QUOTED_INCLUDE_IN_FRAMEWORK_HEADER = YES;
				CLANG_WARN_RANGE_LOOP_ANALYSIS = YES;
				CLANG_WARN_STRICT_PROTOTYPES = YES;
				CLANG_WARN_SUSPICIOUS_MOVE = YES;
				CLANG_WARN_UNGUARDED_AVAILABILITY = YES_AGGRESSIVE;
				CLANG_WARN_UNREACHABLE_CODE = YES;
				CLANG_WARN__DUPLICATE_METHOD_MATCH = YES;
				COPY_PHASE_STRIP = NO;
				DEBUG_INFORMATION_FORMAT = dwarf;
				ENABLE_STRICT_OBJC_MSGSEND = YES;
				ENABLE_TESTABILITY = YES;
				GCC_C_LANGUAGE_STANDARD = gnu11;
				GCC_DYNAMIC_NO_PIC = NO;
				GCC_NO_COMMON_BLOCKS = YES;
				GCC_OPTIMIZATION_LEVEL = 0;
				GCC_PREPROCESSOR_DEFINITIONS = (
					"DEBUG=1",
					"$(inherited)",
				);
				GCC_WARN_64_TO_32_BIT_CONVERSION = YES;
				GCC_WARN_ABOUT_RETURN_TYPE = YES_ERROR;
				GCC_WARN_UNDECLARED_SELECTOR = YES;
				GCC_WARN_UNINITIALIZED_AUTOS = YES_AGGRESSIVE;
				GCC_WARN_UNUSED_FUNCTION = YES;
				GCC_WARN_UNUSED_VARIABLE = YES;
				MACOSX_DEPLOYMENT_TARGET = 13.1;
				MTL_ENABLE_DEBUG_INFO = INCLUDE_SOURCE;
				MTL_FAST_MATH = YES;
				ONLY_ACTIVE_ARCH = YES;
				SDKROOT = macosx;
				SWIFT_ACTIVE_COMPILATION_CONDITIONS = DEBUG;
				SWIFT_OPTIMIZATION_LEVEL = "-Onone";
			};
			name = Debug;
		};
		63A81BB02A7BF5EE00839E7B /* Release */ = {
			isa = XCBuildConfiguration;
			buildSettings = {
				ALWAYS_SEARCH_USER_PATHS = NO;
				CLANG_ANALYZER_NONNULL = YES;
				CLANG_ANALYZER_NUMBER_OBJECT_CONVERSION = YES_AGGRESSIVE;
				CLANG_CXX_LANGUAGE_STANDARD = "gnu++20";
				CLANG_ENABLE_MODULES = YES;
				CLANG_ENABLE_OBJC_ARC = YES;
				CLANG_ENABLE_OBJC_WEAK = YES;
				CLANG_WARN_BLOCK_CAPTURE_AUTORELEASING = YES;
				CLANG_WARN_BOOL_CONVERSION = YES;
				CLANG_WARN_COMMA = YES;
				CLANG_WARN_CONSTANT_CONVERSION = YES;
				CLANG_WARN_DEPRECATED_OBJC_IMPLEMENTATIONS = YES;
				CLANG_WARN_DIRECT_OBJC_ISA_USAGE = YES_ERROR;
				CLANG_WARN_DOCUMENTATION_COMMENTS = YES;
				CLANG_WARN_EMPTY_BODY = YES;
				CLANG_WARN_ENUM_CONVERSION = YES;
				CLANG_WARN_INFINITE_RECURSION = YES;
				CLANG_WARN_INT_CONVERSION = YES;
				CLANG_WARN_NON_LITERAL_NULL_CONVERSION = YES;
				CLANG_WARN_OBJC_IMPLICIT_RETAIN_SELF = YES;
				CLANG_WARN_OBJC_LITERAL_CONVERSION = YES;
				CLANG_WARN_OBJC_ROOT_CLASS = YES_ERROR;
				CLANG_WARN_QUOTED_INCLUDE_IN_FRAMEWORK_HEADER = YES;
				CLANG_WARN_RANGE_LOOP_ANALYSIS = YES;
				CLANG_WARN_STRICT_PROTOTYPES = YES;
				CLANG_WARN_SUSPICIOUS_MOVE = YES;
				CLANG_WARN_UNGUARDED_AVAILABILITY = YES_AGGRESSIVE;
				CLANG_WARN_UNREACHABLE_CODE = YES;
				CLANG_WARN__DUPLICATE_METHOD_MATCH = YES;
				COPY_PHASE_STRIP = NO;
				DEBUG_INFORMATION_FORMAT = "dwarf-with-dsym";
				ENABLE_NS_ASSERTIONS = NO;
				ENABLE_STRICT_OBJC_MSGSEND = YES;
				GCC_C_LANGUAGE_STANDARD = gnu11;
				GCC_NO_COMMON_BLOCKS = YES;
				GCC_WARN_64_TO_32_BIT_CONVERSION = YES;
				GCC_WARN_ABOUT_RETURN_TYPE = YES_ERROR;
				GCC_WARN_UNDECLARED_SELECTOR = YES;
				GCC_WARN_UNINITIALIZED_AUTOS = YES_AGGRESSIVE;
				GCC_WARN_UNUSED_FUNCTION = YES;
				GCC_WARN_UNUSED_VARIABLE = YES;
				MACOSX_DEPLOYMENT_TARGET = 13.1;
				MTL_ENABLE_DEBUG_INFO = NO;
				MTL_FAST_MATH = YES;
				SDKROOT = macosx;
				SWIFT_COMPILATION_MODE = wholemodule;
				SWIFT_OPTIMIZATION_LEVEL = "-O";
			};
			name = Release;
		};
		63A81BB22A7BF5EE00839E7B /* Debug */ = {
			isa = XCBuildConfiguration;
			buildSettings = {
				ASSETCATALOG_COMPILER_APPICON_NAME = AppIcon;
				ASSETCATALOG_COMPILER_GLOBAL_ACCENT_COLOR_NAME = AccentColor;
				ASSETCATALOG_COMPILER_INCLUDE_ALL_APPICON_ASSETS = NO;
				CODE_SIGN_ENTITLEMENTS = aBicycle/aBicycle.entitlements;
				"CODE_SIGN_IDENTITY[sdk=macosx*]" = "-";
				CODE_SIGN_STYLE = Automatic;
				COMBINE_HIDPI_IMAGES = YES;
				CURRENT_PROJECT_VERSION = 1;
				DEVELOPMENT_ASSET_PATHS = "\"aBicycle/Preview Content\"";
				DEVELOPMENT_TEAM = 9RN855T24F;
				ENABLE_HARDENED_RUNTIME = YES;
				ENABLE_PREVIEWS = YES;
				GENERATE_INFOPLIST_FILE = YES;
				INFOPLIST_KEY_CFBundleDisplayName = "Android Command Bicycle";
				INFOPLIST_KEY_LSApplicationCategoryType = "public.app-category.developer-tools";
				INFOPLIST_KEY_NSHumanReadableCopyright = "";
				LD_RUNPATH_SEARCH_PATHS = (
					"$(inherited)",
					"@executable_path/../Frameworks",
				);
				MACOSX_DEPLOYMENT_TARGET = 12.0;
				MARKETING_VERSION = 1.0;
				PRODUCT_BUNDLE_IDENTIFIER = wan.aBicycle;
				PRODUCT_NAME = "$(TARGET_NAME)";
				SWIFT_EMIT_LOC_STRINGS = YES;
				SWIFT_VERSION = 5.0;
			};
			name = Debug;
		};
		63A81BB32A7BF5EE00839E7B /* Release */ = {
			isa = XCBuildConfiguration;
			buildSettings = {
				ASSETCATALOG_COMPILER_APPICON_NAME = AppIcon;
				ASSETCATALOG_COMPILER_GLOBAL_ACCENT_COLOR_NAME = AccentColor;
				ASSETCATALOG_COMPILER_INCLUDE_ALL_APPICON_ASSETS = NO;
				CODE_SIGN_ENTITLEMENTS = aBicycle/aBicycle.entitlements;
				"CODE_SIGN_IDENTITY[sdk=macosx*]" = "-";
				CODE_SIGN_STYLE = Automatic;
				COMBINE_HIDPI_IMAGES = YES;
				CURRENT_PROJECT_VERSION = 1;
				DEVELOPMENT_ASSET_PATHS = "\"aBicycle/Preview Content\"";
				DEVELOPMENT_TEAM = 9RN855T24F;
				ENABLE_HARDENED_RUNTIME = YES;
				ENABLE_PREVIEWS = YES;
				GENERATE_INFOPLIST_FILE = YES;
				INFOPLIST_KEY_CFBundleDisplayName = "Android Command Bicycle";
				INFOPLIST_KEY_LSApplicationCategoryType = "public.app-category.developer-tools";
				INFOPLIST_KEY_NSHumanReadableCopyright = "";
				LD_RUNPATH_SEARCH_PATHS = (
					"$(inherited)",
					"@executable_path/../Frameworks",
				);
				MACOSX_DEPLOYMENT_TARGET = 12.0;
				MARKETING_VERSION = 1.0;
				PRODUCT_BUNDLE_IDENTIFIER = wan.aBicycle;
				PRODUCT_NAME = "$(TARGET_NAME)";
				SWIFT_EMIT_LOC_STRINGS = YES;
				SWIFT_VERSION = 5.0;
			};
			name = Release;
		};
/* End XCBuildConfiguration section */

/* Begin XCConfigurationList section */
		63A81B9D2A7BF5EC00839E7B /* Build configuration list for PBXProject "aBicycle" */ = {
			isa = XCConfigurationList;
			buildConfigurations = (
				63A81BAF2A7BF5EE00839E7B /* Debug */,
				63A81BB02A7BF5EE00839E7B /* Release */,
			);
			defaultConfigurationIsVisible = 0;
			defaultConfigurationName = Release;
		};
		63A81BB12A7BF5EE00839E7B /* Build configuration list for PBXNativeTarget "aBicycle" */ = {
			isa = XCConfigurationList;
			buildConfigurations = (
				63A81BB22A7BF5EE00839E7B /* Debug */,
				63A81BB32A7BF5EE00839E7B /* Release */,
			);
			defaultConfigurationIsVisible = 0;
			defaultConfigurationName = Release;
		};
/* End XCConfigurationList section */
	};
	rootObject = 63A81B9A2A7BF5EC00839E7B /* Project object */;
}
